{
  "version": "5",
  "specifiers": {
    "npm:@xmldom/xmldom@0.8.15": "0.8.15",
    "npm:libxml2-wasm@0.7.1": "0.7.1",
    "npm:node-forge@1.3.1": "1.3.1",
    "npm:xml-crypto@6.1.2": "6.1.2"
  },
  "npm": {
    "@xmldom/is-dom-node@1.0.1": {
      "integrity": "sha512-CJDxIgE5I0FH+ttq/Fxy6nRpxP70+e2O048EPe85J2use3XKdatVM7dDVvFNjQudd9B49NPoZ+8PG49zj4Er8Q=="
    },
    "@xmldom/xmldom@0.8.15": {
      "integrity": "sha512-/5NV/vDALVFDXgLmfsy9TRCBlKwO2LNBFzpzvb9iIj+jR+eSc6DLYYvVOdivT/jm7MtU6TebYuRmzEOI7w40UA=="
    },
    "libxml2-wasm@0.7.1": {
      "integrity": "sha512-aZpJJL/j6T3D+5TmhG4D0ylR3mN6UzmqmBjyb/p+zEAaouG6GpfHiUNUzKR3vKCEoJt/Z2L15XPDCVPuFJIQhg=="
    },
    "node-forge@1.3.1": {
      "integrity": "sha512-dPEtOeMvF9VMcYV/1Wb8CPoVAXtp6MKMlcbAt4ddqmGqUJ6fQZFXkNZNkNlfevtNkGtaSoXf/vNNNSvgrdXwtA=="
    },
    "xml-crypto@6.1.2": {
      "integrity": "sha512-leBOVQdVi8FvPJrMYoum7Ici9qyxfE4kVi+AkpUoYCSXaQF4IlBm1cneTK9oAxR61LpYxTx7lNcsnBIeRpGW2w==",
      "dependencies": [
        "@xmldom/is-dom-node",
        "@xmldom/xmldom",
        "xpath"
      ]
    },
    "xpath@0.0.33": {
      "integrity": "sha512-NNXnzrkDrAzalLhIUc01jO2mOzXGXh1JwPgkihcLLzw98c0WgYDmmjSh1Kl3wzaxSVWMuA+fe0WTWOBDWCBmNA=="
    }
  },
  "remote": {
    "https://esm.sh/@supabase/supabase-js@2.110.6": "c7330c52c7c1b6215fd602626401ab0ff93bc7a7b75c77ffa80497de1a1733ee"
  }
}
